
Microsoft Visual Studio Solution File, Format Version 12.00
# Visual Studio Version 17
VisualStudioVersion = 17.8.34511.84
MinimumVisualStudioVersion = 10.0.40219.1
Project("{FAE04EC0-301F-11D3-BF4B-00C04F79EFBC}") = "CRUD", "CRUD\CRUD.csproj", "{BCCDA376-2CB8-4B5B-958E-4B5DE23D09B9}"
EndProject
Project("{FAE04EC0-301F-11D3-BF4B-00C04F79EFBC}") = "CoreV1", "CoreV1\CoreV1.csproj", "{E5D7E55F-60DF-4C9F-898F-7DE6C87167DB}"
EndProject
Project("{2150E333-8FDC-42A3-9474-1A3956D46DE8}") = "0.Persentation", "0.Persentation", "{FC85F4A7-BFF2-4A32-8393-D7A641692F07}"
EndProject
Project("{2150E333-8FDC-42A3-9474-1A3956D46DE8}") = "2.Core", "2.Core", "{D2644DB4-08E9-4C09-93B7-0309E64729FC}"
EndProject
Global
	GlobalSection(SolutionConfigurationPlatforms) = preSolution
		Debug|Any CPU = Debug|Any CPU
		Release|Any CPU = Release|Any CPU
	EndGlobalSection
	GlobalSection(ProjectConfigurationPlatforms) = postSolution
		{BCCDA376-2CB8-4B5B-958E-4B5DE23D09B9}.Debug|Any CPU.ActiveCfg = Debug|Any CPU
		{BCCDA376-2CB8-4B5B-958E-4B5DE23D09B9}.Debug|Any CPU.Build.0 = Debug|Any CPU
		{BCCDA376-2CB8-4B5B-958E-4B5DE23D09B9}.Release|Any CPU.ActiveCfg = Release|Any CPU
		{BCCDA376-2CB8-4B5B-958E-4B5DE23D09B9}.Release|Any CPU.Build.0 = Release|Any CPU
		{E5D7E55F-60DF-4C9F-898F-7DE6C87167DB}.Debug|Any CPU.ActiveCfg = Debug|Any CPU
		{E5D7E55F-60DF-4C9F-898F-7DE6C87167DB}.Debug|Any CPU.Build.0 = Debug|Any CPU
		{E5D7E55F-60DF-4C9F-898F-7DE6C87167DB}.Release|Any CPU.ActiveCfg = Release|Any CPU
		{E5D7E55F-60DF-4C9F-898F-7DE6C87167DB}.Release|Any CPU.Build.0 = Release|Any CPU
	EndGlobalSection
	GlobalSection(SolutionProperties) = preSolution
		HideSolutionNode = FALSE
	EndGlobalSection
	GlobalSection(NestedProjects) = preSolution
		{BCCDA376-2CB8-4B5B-958E-4B5DE23D09B9} = {FC85F4A7-BFF2-4A32-8393-D7A641692F07}
		{E5D7E55F-60DF-4C9F-898F-7DE6C87167DB} = {D2644DB4-08E9-4C09-93B7-0309E64729FC}
	EndGlobalSection
	GlobalSection(ExtensibilityGlobals) = postSolution
		SolutionGuid = {2FB981B4-9E74-473E-B457-C1F5B63499A8}
	EndGlobalSection
EndGlobal
